
Microsoft Visual Studio Solution File, Format Version 12.00
# Visual Studio 15
VisualStudioVersion = 15.0.28307.421
MinimumVisualStudioVersion = 10.0.40219.1
Project("{FAE04EC0-301F-11D3-BF4B-00C04F79EFBC}") = "StudentsGradesManagement", "StudentsGradesManagement\StudentsGradesManagement.csproj", "{0D306DB8-DC99-43A5-93FA-0D380596222E}"
EndProject
Project("{FAE04EC0-301F-11D3-BF4B-00C04F79EFBC}") = "MyChart", "MyChart\MyChart.csproj", "{CA4715A3-D440-4C15-8282-8334FBC0FE8D}"
EndProject
Global
	GlobalSection(SolutionConfigurationPlatforms) = preSolution
		Debug|Any CPU = Debug|Any CPU
		Release|Any CPU = Release|Any CPU
	EndGlobalSection
	GlobalSection(ProjectConfigurationPlatforms) = postSolution
		{0D306DB8-DC99-43A5-93FA-0D380596222E}.Debug|Any CPU.ActiveCfg = Debug|Any CPU
		{0D306DB8-DC99-43A5-93FA-0D380596222E}.Debug|Any CPU.Build.0 = Debug|Any CPU
		{0D306DB8-DC99-43A5-93FA-0D380596222E}.Release|Any CPU.ActiveCfg = Release|Any CPU
		{0D306DB8-DC99-43A5-93FA-0D380596222E}.Release|Any CPU.Build.0 = Release|Any CPU
		{CA4715A3-D440-4C15-8282-8334FBC0FE8D}.Debug|Any CPU.ActiveCfg = Debug|Any CPU
		{CA4715A3-D440-4C15-8282-8334FBC0FE8D}.Debug|Any CPU.Build.0 = Debug|Any CPU
		{CA4715A3-D440-4C15-8282-8334FBC0FE8D}.Release|Any CPU.ActiveCfg = Release|Any CPU
		{CA4715A3-D440-4C15-8282-8334FBC0FE8D}.Release|Any CPU.Build.0 = Release|Any CPU
	EndGlobalSection
	GlobalSection(SolutionProperties) = preSolution
		HideSolutionNode = FALSE
	EndGlobalSection
	GlobalSection(ExtensibilityGlobals) = postSolution
		SolutionGuid = {B189D98D-E447-466B-818F-1DC803F7544F}
	EndGlobalSection
EndGlobal
